
Microsoft Visual Studio Solution File, Format Version 12.00
# Visual Studio Version 16
VisualStudioVersion = 16.0.30204.135
MinimumVisualStudioVersion = 10.0.40219.1
Project("{9A19103F-16F7-4668-BE54-9A1E7A4F7556}") = "RotinasOmni", "RotinasOmni\RotinasOmni.csproj", "{887B6A9A-D195-4A12-9DCF-8F625DA4FB9A}"
EndProject
Project("{2150E333-8FDC-42A3-9474-1A3956D46DE8}") = "Solution Items", "Solution Items", "{ABBFCD42-6A8B-488B-B5F3-08FE3C3F2684}"
	ProjectSection(SolutionItems) = preProject
		.editorconfig = .editorconfig
	EndProjectSection
EndProject
Project("{9A19103F-16F7-4668-BE54-9A1E7A4F7556}") = "EnvioOcorrenciasOmni", "EnvioOcorrenciasOmni\EnvioOcorrenciasOmni.csproj", "{317850C7-F2A6-4E72-AF53-D1AA84B8F279}"
EndProject
Project("{9A19103F-16F7-4668-BE54-9A1E7A4F7556}") = "Core", "Core\Core.csproj", "{86E96C8C-DBA7-4D9D-BB38-B076CC86CFAA}"
EndProject
Project("{FAE04EC0-301F-11D3-BF4B-00C04F79EFBC}") = "SimularOcorrenciasOmni", "SimularOcorrenciasOmni\SimularOcorrenciasOmni.csproj", "{16D18F1D-46D3-45E5-B205-CAEAC15B35F0}"
EndProject
Global
	GlobalSection(SolutionConfigurationPlatforms) = preSolution
		Debug|Any CPU = Debug|Any CPU
		Release|Any CPU = Release|Any CPU
	EndGlobalSection
	GlobalSection(ProjectConfigurationPlatforms) = postSolution
		{887B6A9A-D195-4A12-9DCF-8F625DA4FB9A}.Debug|Any CPU.ActiveCfg = Debug|Any CPU
		{887B6A9A-D195-4A12-9DCF-8F625DA4FB9A}.Debug|Any CPU.Build.0 = Debug|Any CPU
		{887B6A9A-D195-4A12-9DCF-8F625DA4FB9A}.Release|Any CPU.ActiveCfg = Release|Any CPU
		{887B6A9A-D195-4A12-9DCF-8F625DA4FB9A}.Release|Any CPU.Build.0 = Release|Any CPU
		{317850C7-F2A6-4E72-AF53-D1AA84B8F279}.Debug|Any CPU.ActiveCfg = Debug|Any CPU
		{317850C7-F2A6-4E72-AF53-D1AA84B8F279}.Debug|Any CPU.Build.0 = Debug|Any CPU
		{317850C7-F2A6-4E72-AF53-D1AA84B8F279}.Release|Any CPU.ActiveCfg = Release|Any CPU
		{317850C7-F2A6-4E72-AF53-D1AA84B8F279}.Release|Any CPU.Build.0 = Release|Any CPU
		{86E96C8C-DBA7-4D9D-BB38-B076CC86CFAA}.Debug|Any CPU.ActiveCfg = Debug|Any CPU
		{86E96C8C-DBA7-4D9D-BB38-B076CC86CFAA}.Debug|Any CPU.Build.0 = Debug|Any CPU
		{86E96C8C-DBA7-4D9D-BB38-B076CC86CFAA}.Release|Any CPU.ActiveCfg = Release|Any CPU
		{86E96C8C-DBA7-4D9D-BB38-B076CC86CFAA}.Release|Any CPU.Build.0 = Release|Any CPU
		{16D18F1D-46D3-45E5-B205-CAEAC15B35F0}.Debug|Any CPU.ActiveCfg = Debug|Any CPU
		{16D18F1D-46D3-45E5-B205-CAEAC15B35F0}.Debug|Any CPU.Build.0 = Debug|Any CPU
		{16D18F1D-46D3-45E5-B205-CAEAC15B35F0}.Release|Any CPU.ActiveCfg = Release|Any CPU
		{16D18F1D-46D3-45E5-B205-CAEAC15B35F0}.Release|Any CPU.Build.0 = Release|Any CPU
	EndGlobalSection
	GlobalSection(SolutionProperties) = preSolution
		HideSolutionNode = FALSE
	EndGlobalSection
	GlobalSection(ExtensibilityGlobals) = postSolution
		SolutionGuid = {F7781286-E3FB-496F-9FB3-51F7299BA07A}
	EndGlobalSection
EndGlobal
